
Microsoft Visual Studio Solution File, Format Version 12.00
# Visual Studio Version 17
VisualStudioVersion = 17.7.34024.191
MinimumVisualStudioVersion = 10.0.40219.1
Project("{FAE04EC0-301F-11D3-BF4B-00C04F79EFBC}") = "NZWalks.API", "NZWalks.API\NZWalks.API.csproj", "{29B4F071-6C61-4213-86DF-098D9E35E513}"
EndProject
Global
	GlobalSection(SolutionConfigurationPlatforms) = preSolution
		Debug|Any CPU = Debug|Any CPU
		Release|Any CPU = Release|Any CPU
	EndGlobalSection
	GlobalSection(ProjectConfigurationPlatforms) = postSolution
		{29B4F071-6C61-4213-86DF-098D9E35E513}.Debug|Any CPU.ActiveCfg = Debug|Any CPU
		{29B4F071-6C61-4213-86DF-098D9E35E513}.Debug|Any CPU.Build.0 = Debug|Any CPU
		{29B4F071-6C61-4213-86DF-098D9E35E513}.Release|Any CPU.ActiveCfg = Release|Any CPU
		{29B4F071-6C61-4213-86DF-098D9E35E513}.Release|Any CPU.Build.0 = Release|Any CPU
	EndGlobalSection
	GlobalSection(SolutionProperties) = preSolution
		HideSolutionNode = FALSE
	EndGlobalSection
	GlobalSection(ExtensibilityGlobals) = postSolution
		SolutionGuid = {DECAD6FF-C520-4826-AA4A-58B45C8E1353}
	EndGlobalSection
EndGlobal
